
Microsoft Visual Studio Solution File, Format Version 12.00
# Visual Studio Version 17
VisualStudioVersion = 17.14.36109.1
MinimumVisualStudioVersion = 10.0.40219.1
Project("{FAE04EC0-301F-11D3-BF4B-00C04F79EFBC}") = "CalculadoraSQIA", "CalculadoraSQIA\CalculadoraSQIA.csproj", "{C8EA7323-443B-40F9-8390-BE8B65F72B6A}"
EndProject
Project("{FAE04EC0-301F-11D3-BF4B-00C04F79EFBC}") = "CalculadoraSQIA.Tests", "CalculadoraSQIA.Tests\CalculadoraSQIA.Tests.csproj", "{FE4D0D3E-0975-4C4E-AFF8-CB8A45E5248C}"
EndProject
Global
	GlobalSection(SolutionConfigurationPlatforms) = preSolution
		Debug|Any CPU = Debug|Any CPU
		Release|Any CPU = Release|Any CPU
	EndGlobalSection
	GlobalSection(ProjectConfigurationPlatforms) = postSolution
		{C8EA7323-443B-40F9-8390-BE8B65F72B6A}.Debug|Any CPU.ActiveCfg = Debug|Any CPU
		{C8EA7323-443B-40F9-8390-BE8B65F72B6A}.Debug|Any CPU.Build.0 = Debug|Any CPU
		{C8EA7323-443B-40F9-8390-BE8B65F72B6A}.Release|Any CPU.ActiveCfg = Release|Any CPU
		{C8EA7323-443B-40F9-8390-BE8B65F72B6A}.Release|Any CPU.Build.0 = Release|Any CPU
		{FE4D0D3E-0975-4C4E-AFF8-CB8A45E5248C}.Debug|Any CPU.ActiveCfg = Debug|Any CPU
		{FE4D0D3E-0975-4C4E-AFF8-CB8A45E5248C}.Debug|Any CPU.Build.0 = Debug|Any CPU
		{FE4D0D3E-0975-4C4E-AFF8-CB8A45E5248C}.Release|Any CPU.ActiveCfg = Release|Any CPU
		{FE4D0D3E-0975-4C4E-AFF8-CB8A45E5248C}.Release|Any CPU.Build.0 = Release|Any CPU
	EndGlobalSection
	GlobalSection(SolutionProperties) = preSolution
		HideSolutionNode = FALSE
	EndGlobalSection
	GlobalSection(ExtensibilityGlobals) = postSolution
		SolutionGuid = {85B0A3A8-2798-4AD8-9499-1C336D695DF2}
	EndGlobalSection
EndGlobal
